// !$*UTF8*$!
{
	archiveVersion = 1;
	classes = {
	};
	objectVersion = 56;
	objects = {

/* Begin PBXBuildFile section */
		CB72BC3A2D917CAC0063D2FC /* AppDelegate.swift in Sources */ = {isa = PBXBuildFile; fileRef = CB72BC392D917CAC0063D2FC /* AppDelegate.swift */; };
		CB72BC3C2D917CAC0063D2FC /* SceneDelegate.swift in Sources */ = {isa = PBXBuildFile; fileRef = CB72BC3B2D917CAC0063D2FC /* SceneDelegate.swift */; };
		CB72BC3E2D917CAC0063D2FC /* ViewController.swift in Sources */ = {isa = PBXBuildFile; fileRef = CB72BC3D2D917CAC0063D2FC /* ViewController.swift */; };
		CB72BC412D917CAC0063D2FC /* Base in Resources */ = {isa = PBXBuildFile; fileRef = CB72BC402D917CAC0063D2FC /* Base */; };
		CB72BC432D917CAD0063D2FC /* Assets.xcassets in Resources */ = {isa = PBXBuildFile; fileRef = CB72BC422D917CAD0063D2FC /* Assets.xcassets */; };
		CB72BC462D917CAD0063D2FC /* Base in Resources */ = {isa = PBXBuildFile; fileRef = CB72BC452D917CAD0063D2FC /* Base */; };
		CB72BC4E2D91850E0063D2FC /* ClavierViewController.swift in Sources */ = {isa = PBXBuildFile; fileRef = CB72BC4D2D91850E0063D2FC /* ClavierViewController.swift */; };
		CB72BC502D91855E0063D2FC /* MotViewController.swift in Sources */ = {isa = PBXBuildFile; fileRef = CB72BC4F2D91855E0063D2FC /* MotViewController.swift */; };
/* End PBXBuildFile section */

/* Begin PBXFileReference section */
		CB72BC362D917CAC0063D2FC /* Mili.app */ = {isa = PBXFileReference; explicitFileType = wrapper.application; includeInIndex = 0; path = Mili.app; sourceTree = BUILT_PRODUCTS_DIR; };
		CB72BC392D917CAC0063D2FC /* AppDelegate.swift */ = {isa = PBXFileReference; lastKnownFileType = sourcecode.swift; path = AppDelegate.swift; sourceTree = "<group>"; };
		CB72BC3B2D917CAC0063D2FC /* SceneDelegate.swift */ = {isa = PBXFileReference; lastKnownFileType = sourcecode.swift; path = SceneDelegate.swift; sourceTree = "<group>"; };
		CB72BC3D2D917CAC0063D2FC /* ViewController.swift */ = {isa = PBXFileReference; lastKnownFileType = sourcecode.swift; path = ViewController.swift; sourceTree = "<group>"; };
		CB72BC402D917CAC0063D2FC /* Base */ = {isa = PBXFileReference; lastKnownFileType = file.storyboard; name = Base; path = Base.lproj/Main.storyboard; sourceTree = "<group>"; };
		CB72BC422D917CAD0063D2FC /* Assets.xcassets */ = {isa = PBXFileReference; lastKnownFileType = folder.assetcatalog; path = Assets.xcassets; sourceTree = "<group>"; };
		CB72BC452D917CAD0063D2FC /* Base */ = {isa = PBXFileReference; lastKnownFileType = file.storyboard; name = Base; path = Base.lproj/LaunchScreen.storyboard; sourceTree = "<group>"; };
		CB72BC472D917CAD0063D2FC /* Info.plist */ = {isa = PBXFileReference; lastKnownFileType = text.plist.xml; path = Info.plist; sourceTree = "<group>"; };
		CB72BC4D2D91850E0063D2FC /* ClavierViewController.swift */ = {isa = PBXFileReference; lastKnownFileType = sourcecode.swift; path = ClavierViewController.swift; sourceTree = "<group>"; };
		CB72BC4F2D91855E0063D2FC /* MotViewController.swift */ = {isa = PBXFileReference; lastKnownFileType = sourcecode.swift; path = MotViewController.swift; sourceTree = "<group>"; };
/* End PBXFileReference section */

/* Begin PBXFrameworksBuildPhase section */
		CB72BC332D917CAC0063D2FC /* Frameworks */ = {
			isa = PBXFrameworksBuildPhase;
			buildActionMask = 2147483647;
			files = (
			);
			runOnlyForDeploymentPostprocessing = 0;
		};
/* End PBXFrameworksBuildPhase section */

/* Begin PBXGroup section */
		CB72BC2D2D917CAC0063D2FC = {
			isa = PBXGroup;
			children = (
				CB72BC382D917CAC0063D2FC /* Mili */,
				CB72BC372D917CAC0063D2FC /* Products */,
			);
			sourceTree = "<group>";
		};
		CB72BC372D917CAC0063D2FC /* Products */ = {
			isa = PBXGroup;
			children = (
				CB72BC362D917CAC0063D2FC /* Mili.app */,
			);
			name = Products;
			sourceTree = "<group>";
		};
		CB72BC382D917CAC0063D2FC /* Mili */ = {
			isa = PBXGroup;
			children = (
				CB72BC392D917CAC0063D2FC /* AppDelegate.swift */,
				CB72BC3B2D917CAC0063D2FC /* SceneDelegate.swift */,
				CB72BC3D2D917CAC0063D2FC /* ViewController.swift */,
				CB72BC3F2D917CAC0063D2FC /* Main.storyboard */,
				CB72BC422D917CAD0063D2FC /* Assets.xcassets */,
				CB72BC442D917CAD0063D2FC /* LaunchScreen.storyboard */,
				CB72BC472D917CAD0063D2FC /* Info.plist */,
				CB72BC4D2D91850E0063D2FC /* ClavierViewController.swift */,
				CB72BC4F2D91855E0063D2FC /* MotViewController.swift */,
			);
			path = Mili;
			sourceTree = "<group>";
		};
/* End PBXGroup section */

/* Begin PBXNativeTarget section */
		CB72BC352D917CAC0063D2FC /* Mili */ = {
			isa = PBXNativeTarget;
			buildConfigurationList = CB72BC4A2D917CAD0063D2FC /* Build configuration list for PBXNativeTarget "Mili" */;
			buildPhases = (
				CB72BC322D917CAC0063D2FC /* Sources */,
				CB72BC332D917CAC0063D2FC /* Frameworks */,
				CB72BC342D917CAC0063D2FC /* Resources */,
			);
			buildRules = (
			);
			dependencies = (
			);
			name = Mili;
			productName = Mili;
			productReference = CB72BC362D917CAC0063D2FC /* Mili.app */;
			productType = "com.apple.product-type.application";
		};
/* End PBXNativeTarget section */

/* Begin PBXProject section */
		CB72BC2E2D917CAC0063D2FC /* Project object */ = {
			isa = PBXProject;
			attributes = {
				BuildIndependentTargetsInParallel = 1;
				LastSwiftUpdateCheck = 1540;
				LastUpgradeCheck = 1540;
				TargetAttributes = {
					CB72BC352D917CAC0063D2FC = {
						CreatedOnToolsVersion = 15.4;
					};
				};
			};
			buildConfigurationList = CB72BC312D917CAC0063D2FC /* Build configuration list for PBXProject "Mili" */;
			compatibilityVersion = "Xcode 14.0";
			developmentRegion = en;
			hasScannedForEncodings = 0;
			knownRegions = (
				en,
				Base,
			);
			mainGroup = CB72BC2D2D917CAC0063D2FC;
			productRefGroup = CB72BC372D917CAC0063D2FC /* Products */;
			projectDirPath = "";
			projectRoot = "";
			targets = (
				CB72BC352D917CAC0063D2FC /* Mili */,
			);
		};
/* End PBXProject section */

/* Begin PBXResourcesBuildPhase section */
		CB72BC342D917CAC0063D2FC /* Resources */ = {
			isa = PBXResourcesBuildPhase;
			buildActionMask = 2147483647;
			files = (
				CB72BC432D917CAD0063D2FC /* Assets.xcassets in Resources */,
				CB72BC462D917CAD0063D2FC /* Base in Resources */,
				CB72BC412D917CAC0063D2FC /* Base in Resources */,
			);
			runOnlyForDeploymentPostprocessing = 0;
		};
/* End PBXResourcesBuildPhase section */

/* Begin PBXSourcesBuildPhase section */
		CB72BC322D917CAC0063D2FC /* Sources */ = {
			isa = PBXSourcesBuildPhase;
			buildActionMask = 2147483647;
			files = (
				CB72BC502D91855E0063D2FC /* MotViewController.swift in Sources */,
				CB72BC3E2D917CAC0063D2FC /* ViewController.swift in Sources */,
				CB72BC3A2D917CAC0063D2FC /* AppDelegate.swift in Sources */,
				CB72BC3C2D917CAC0063D2FC /* SceneDelegate.swift in Sources */,
				CB72BC4E2D91850E0063D2FC /* ClavierViewController.swift in Sources */,
			);
			runOnlyForDeploymentPostprocessing = 0;
		};
/* End PBXSourcesBuildPhase section */

/* Begin PBXVariantGroup section */
		CB72BC3F2D917CAC0063D2FC /* Main.storyboard */ = {
			isa = PBXVariantGroup;
			children = (
				CB72BC402D917CAC0063D2FC /* Base */,
			);
			name = Main.storyboard;
			sourceTree = "<group>";
		};
		CB72BC442D917CAD0063D2FC /* LaunchScreen.storyboard */ = {
			isa = PBXVariantGroup;
			children = (
				CB72BC452D917CAD0063D2FC /* Base */,
			);
			name = LaunchScreen.storyboard;
			sourceTree = "<group>";
		};
/* End PBXVariantGroup section */

/* Begin XCBuildConfiguration section */
		CB72BC482D917CAD0063D2FC /* Debug */ = {
			isa = XCBuildConfiguration;
			buildSettings = {
				ALWAYS_SEARCH_USER_PATHS = NO;
				ASSETCATALOG_COMPILER_GENERATE_SWIFT_ASSET_SYMBOL_EXTENSIONS = YES;
				CLANG_ANALYZER_NONNULL = YES;
				CLANG_ANALYZER_NUMBER_OBJECT_CONVERSION = YES_AGGRESSIVE;
				CLANG_CXX_LANGUAGE_STANDARD = "gnu++20";
				CLANG_ENABLE_MODULES = YES;
				CLANG_ENABLE_OBJC_ARC = YES;
				CLANG_ENABLE_OBJC_WEAK = YES;
				CLANG_WARN_BLOCK_CAPTURE_AUTORELEASING = YES;
				CLANG_WARN_BOOL_CONVERSION = YES;
				CLANG_WARN_COMMA = YES;
				CLANG_WARN_CONSTANT_CONVERSION = YES;
				CLANG_WARN_DEPRECATED_OBJC_IMPLEMENTATIONS = YES;
				CLANG_WARN_DIRECT_OBJC_ISA_USAGE = YES_ERROR;
				CLANG_WARN_DOCUMENTATION_COMMENTS = YES;
				CLANG_WARN_EMPTY_BODY = YES;
				CLANG_WARN_ENUM_CONVERSION = YES;
				CLANG_WARN_INFINITE_RECURSION = YES;
				CLANG_WARN_INT_CONVERSION = YES;
				CLANG_WARN_NON_LITERAL_NULL_CONVERSION = YES;
				CLANG_WARN_OBJC_IMPLICIT_RETAIN_SELF = YES;
				CLANG_WARN_OBJC_LITERAL_CONVERSION = YES;
				CLANG_WARN_OBJC_ROOT_CLASS = YES_ERROR;
				CLANG_WARN_QUOTED_INCLUDE_IN_FRAMEWORK_HEADER = YES;
				CLANG_WARN_RANGE_LOOP_ANALYSIS = YES;
				CLANG_WARN_STRICT_PROTOTYPES = YES;
				CLANG_WARN_SUSPICIOUS_MOVE = YES;
				CLANG_WARN_UNGUARDED_AVAILABILITY = YES_AGGRESSIVE;
				CLANG_WARN_UNREACHABLE_CODE = YES;
				CLANG_WARN__DUPLICATE_METHOD_MATCH = YES;
				COPY_PHASE_STRIP = NO;
				DEBUG_INFORMATION_FORMAT = dwarf;
				ENABLE_STRICT_OBJC_MSGSEND = YES;
				ENABLE_TESTABILITY = YES;
				ENABLE_USER_SCRIPT_SANDBOXING = YES;
				GCC_C_LANGUAGE_STANDARD = gnu17;
				GCC_DYNAMIC_NO_PIC = NO;
				GCC_NO_COMMON_BLOCKS = YES;
				GCC_OPTIMIZATION_LEVEL = 0;
				GCC_PREPROCESSOR_DEFINITIONS = (
					"DEBUG=1",
					"$(inherited)",
				);
				GCC_WARN_64_TO_32_BIT_CONVERSION = YES;
				GCC_WARN_ABOUT_RETURN_TYPE = YES_ERROR;
				GCC_WARN_UNDECLARED_SELECTOR = YES;
				GCC_WARN_UNINITIALIZED_AUTOS = YES_AGGRESSIVE;
				GCC_WARN_UNUSED_FUNCTION = YES;
				GCC_WARN_UNUSED_VARIABLE = YES;
				IPHONEOS_DEPLOYMENT_TARGET = 17.5;
				LOCALIZATION_PREFERS_STRING_CATALOGS = YES;
				MTL_ENABLE_DEBUG_INFO = INCLUDE_SOURCE;
				MTL_FAST_MATH = YES;
				ONLY_ACTIVE_ARCH = YES;
				SDKROOT = iphoneos;
				SWIFT_ACTIVE_COMPILATION_CONDITIONS = "DEBUG $(inherited)";
				SWIFT_OPTIMIZATION_LEVEL = "-Onone";
			};
			name = Debug;
		};
		CB72BC492D917CAD0063D2FC /* Release */ = {
			isa = XCBuildConfiguration;
			buildSettings = {
				ALWAYS_SEARCH_USER_PATHS = NO;
				ASSETCATALOG_COMPILER_GENERATE_SWIFT_ASSET_SYMBOL_EXTENSIONS = YES;
				CLANG_ANALYZER_NONNULL = YES;
				CLANG_ANALYZER_NUMBER_OBJECT_CONVERSION = YES_AGGRESSIVE;
				CLANG_CXX_LANGUAGE_STANDARD = "gnu++20";
				CLANG_ENABLE_MODULES = YES;
				CLANG_ENABLE_OBJC_ARC = YES;
				CLANG_ENABLE_OBJC_WEAK = YES;
				CLANG_WARN_BLOCK_CAPTURE_AUTORELEASING = YES;
				CLANG_WARN_BOOL_CONVERSION = YES;
				CLANG_WARN_COMMA = YES;
				CLANG_WARN_CONSTANT_CONVERSION = YES;
				CLANG_WARN_DEPRECATED_OBJC_IMPLEMENTATIONS = YES;
				CLANG_WARN_DIRECT_OBJC_ISA_USAGE = YES_ERROR;
				CLANG_WARN_DOCUMENTATION_COMMENTS = YES;
				CLANG_WARN_EMPTY_BODY = YES;
				CLANG_WARN_ENUM_CONVERSION = YES;
				CLANG_WARN_INFINITE_RECURSION = YES;
				CLANG_WARN_INT_CONVERSION = YES;
				CLANG_WARN_NON_LITERAL_NULL_CONVERSION = YES;
				CLANG_WARN_OBJC_IMPLICIT_RETAIN_SELF = YES;
				CLANG_WARN_OBJC_LITERAL_CONVERSION = YES;
				CLANG_WARN_OBJC_ROOT_CLASS = YES_ERROR;
				CLANG_WARN_QUOTED_INCLUDE_IN_FRAMEWORK_HEADER = YES;
				CLANG_WARN_RANGE_LOOP_ANALYSIS = YES;
				CLANG_WARN_STRICT_PROTOTYPES = YES;
				CLANG_WARN_SUSPICIOUS_MOVE = YES;
				CLANG_WARN_UNGUARDED_AVAILABILITY = YES_AGGRESSIVE;
				CLANG_WARN_UNREACHABLE_CODE = YES;
				CLANG_WARN__DUPLICATE_METHOD_MATCH = YES;
				COPY_PHASE_STRIP = NO;
				DEBUG_INFORMATION_FORMAT = "dwarf-with-dsym";
				ENABLE_NS_ASSERTIONS = NO;
				ENABLE_STRICT_OBJC_MSGSEND = YES;
				ENABLE_USER_SCRIPT_SANDBOXING = YES;
				GCC_C_LANGUAGE_STANDARD = gnu17;
				GCC_NO_COMMON_BLOCKS = YES;
				GCC_WARN_64_TO_32_BIT_CONVERSION = YES;
				GCC_WARN_ABOUT_RETURN_TYPE = YES_ERROR;
				GCC_WARN_UNDECLARED_SELECTOR = YES;
				GCC_WARN_UNINITIALIZED_AUTOS = YES_AGGRESSIVE;
				GCC_WARN_UNUSED_FUNCTION = YES;
				GCC_WARN_UNUSED_VARIABLE = YES;
				IPHONEOS_DEPLOYMENT_TARGET = 17.5;
				LOCALIZATION_PREFERS_STRING_CATALOGS = YES;
				MTL_ENABLE_DEBUG_INFO = NO;
				MTL_FAST_MATH = YES;
				SDKROOT = iphoneos;
				SWIFT_COMPILATION_MODE = wholemodule;
				VALIDATE_PRODUCT = YES;
			};
			name = Release;
		};
		CB72BC4B2D917CAD0063D2FC /* Debug */ = {
			isa = XCBuildConfiguration;
			buildSettings = {
				ASSETCATALOG_COMPILER_APPICON_NAME = AppIcon;
				ASSETCATALOG_COMPILER_GLOBAL_ACCENT_COLOR_NAME = AccentColor;
				CODE_SIGN_STYLE = Automatic;
				CURRENT_PROJECT_VERSION = 1;
				GENERATE_INFOPLIST_FILE = YES;
				INFOPLIST_FILE = Mili/Info.plist;
				INFOPLIST_KEY_UIApplicationSupportsIndirectInputEvents = YES;
				INFOPLIST_KEY_UILaunchStoryboardName = LaunchScreen;
				INFOPLIST_KEY_UIMainStoryboardFile = Main;
				INFOPLIST_KEY_UISupportedInterfaceOrientations_iPad = "UIInterfaceOrientationPortrait UIInterfaceOrientationPortraitUpsideDown UIInterfaceOrientationLandscapeLeft UIInterfaceOrientationLandscapeRight";
				INFOPLIST_KEY_UISupportedInterfaceOrientations_iPhone = "UIInterfaceOrientationPortrait UIInterfaceOrientationLandscapeLeft UIInterfaceOrientationLandscapeRight";
				LD_RUNPATH_SEARCH_PATHS = (
					"$(inherited)",
					"@executable_path/Frameworks",
				);
				MARKETING_VERSION = 1.0;
				PRODUCT_BUNDLE_IDENTIFIER = "fr.univ-lyon2.Mili";
				PRODUCT_NAME = "$(TARGET_NAME)";
				SWIFT_EMIT_LOC_STRINGS = YES;
				SWIFT_VERSION = 5.0;
				TARGETED_DEVICE_FAMILY = "1,2";
			};
			name = Debug;
		};
		CB72BC4C2D917CAD0063D2FC /* Release */ = {
			isa = XCBuildConfiguration;
			buildSettings = {
				ASSETCATALOG_COMPILER_APPICON_NAME = AppIcon;
				ASSETCATALOG_COMPILER_GLOBAL_ACCENT_COLOR_NAME = AccentColor;
				CODE_SIGN_STYLE = Automatic;
				CURRENT_PROJECT_VERSION = 1;
				GENERATE_INFOPLIST_FILE = YES;
				INFOPLIST_FILE = Mili/Info.plist;
				INFOPLIST_KEY_UIApplicationSupportsIndirectInputEvents = YES;
				INFOPLIST_KEY_UILaunchStoryboardName = LaunchScreen;
				INFOPLIST_KEY_UIMainStoryboardFile = Main;
				INFOPLIST_KEY_UISupportedInterfaceOrientations_iPad = "UIInterfaceOrientationPortrait UIInterfaceOrientationPortraitUpsideDown UIInterfaceOrientationLandscapeLeft UIInterfaceOrientationLandscapeRight";
				INFOPLIST_KEY_UISupportedInterfaceOrientations_iPhone = "UIInterfaceOrientationPortrait UIInterfaceOrientationLandscapeLeft UIInterfaceOrientationLandscapeRight";
				LD_RUNPATH_SEARCH_PATHS = (
					"$(inherited)",
					"@executable_path/Frameworks",
				);
				MARKETING_VERSION = 1.0;
				PRODUCT_BUNDLE_IDENTIFIER = "fr.univ-lyon2.Mili";
				PRODUCT_NAME = "$(TARGET_NAME)";
				SWIFT_EMIT_LOC_STRINGS = YES;
				SWIFT_VERSION = 5.0;
				TARGETED_DEVICE_FAMILY = "1,2";
			};
			name = Release;
		};
/* End XCBuildConfiguration section */

/* Begin XCConfigurationList section */
		CB72BC312D917CAC0063D2FC /* Build configuration list for PBXProject "Mili" */ = {
			isa = XCConfigurationList;
			buildConfigurations = (
				CB72BC482D917CAD0063D2FC /* Debug */,
				CB72BC492D917CAD0063D2FC /* Release */,
			);
			defaultConfigurationIsVisible = 0;
			defaultConfigurationName = Release;
		};
		CB72BC4A2D917CAD0063D2FC /* Build configuration list for PBXNativeTarget "Mili" */ = {
			isa = XCConfigurationList;
			buildConfigurations = (
				CB72BC4B2D917CAD0063D2FC /* Debug */,
				CB72BC4C2D917CAD0063D2FC /* Release */,
			);
			defaultConfigurationIsVisible = 0;
			defaultConfigurationName = Release;
		};
/* End XCConfigurationList section */
	};
	rootObject = CB72BC2E2D917CAC0063D2FC /* Project object */;
}
